
Microsoft Visual Studio Solution File, Format Version 12.00
# Visual Studio 15
VisualStudioVersion = 15.0.28307.572
MinimumVisualStudioVersion = 10.0.40219.1
Project("{FAE04EC0-301F-11D3-BF4B-00C04F79EFBC}") = "03.FactorialRecursionIterative", "03.FactorialRecursionIterative\03.FactorialRecursionIterative.csproj", "{3630E4F6-83BA-4A30-963C-836E9664CA4D}"
EndProject
Global
	GlobalSection(SolutionConfigurationPlatforms) = preSolution
		Debug|Any CPU = Debug|Any CPU
		Release|Any CPU = Release|Any CPU
	EndGlobalSection
	GlobalSection(ProjectConfigurationPlatforms) = postSolution
		{3630E4F6-83BA-4A30-963C-836E9664CA4D}.Debug|Any CPU.ActiveCfg = Debug|Any CPU
		{3630E4F6-83BA-4A30-963C-836E9664CA4D}.Debug|Any CPU.Build.0 = Debug|Any CPU
		{3630E4F6-83BA-4A30-963C-836E9664CA4D}.Release|Any CPU.ActiveCfg = Release|Any CPU
		{3630E4F6-83BA-4A30-963C-836E9664CA4D}.Release|Any CPU.Build.0 = Release|Any CPU
	EndGlobalSection
	GlobalSection(SolutionProperties) = preSolution
		HideSolutionNode = FALSE
	EndGlobalSection
	GlobalSection(ExtensibilityGlobals) = postSolution
		SolutionGuid = {0CD6510F-18D1-411D-97B5-1086842DF5CF}
	EndGlobalSection
EndGlobal
