
Microsoft Visual Studio Solution File, Format Version 12.00
# Visual Studio 15
VisualStudioVersion = 15.0.28307.572
MinimumVisualStudioVersion = 10.0.40219.1
Project("{FAE04EC0-301F-11D3-BF4B-00C04F79EFBC}") = "11.FibonacciNumber", "11.FibonacciNumber\11.FibonacciNumber.csproj", "{678D9B44-D18F-421C-AF60-994AC2EC808B}"
EndProject
Global
	GlobalSection(SolutionConfigurationPlatforms) = preSolution
		Debug|Any CPU = Debug|Any CPU
		Release|Any CPU = Release|Any CPU
	EndGlobalSection
	GlobalSection(ProjectConfigurationPlatforms) = postSolution
		{678D9B44-D18F-421C-AF60-994AC2EC808B}.Debug|Any CPU.ActiveCfg = Debug|Any CPU
		{678D9B44-D18F-421C-AF60-994AC2EC808B}.Debug|Any CPU.Build.0 = Debug|Any CPU
		{678D9B44-D18F-421C-AF60-994AC2EC808B}.Release|Any CPU.ActiveCfg = Release|Any CPU
		{678D9B44-D18F-421C-AF60-994AC2EC808B}.Release|Any CPU.Build.0 = Release|Any CPU
	EndGlobalSection
	GlobalSection(SolutionProperties) = preSolution
		HideSolutionNode = FALSE
	EndGlobalSection
	GlobalSection(ExtensibilityGlobals) = postSolution
		SolutionGuid = {C617D8AD-218B-4E6A-99C5-EB5A3E0ABF7F}
	EndGlobalSection
EndGlobal
